// !$*UTF8*$!
{
	archiveVersion = 1;
	classes = {
	};
	objectVersion = 56;
	objects = {

/* Begin PBXBuildFile section */
		11E239AB2AD1BC0200AAB0CD /* AppDelegate.swift in Sources */ = {isa = PBXBuildFile; fileRef = 11E239AA2AD1BC0200AAB0CD /* AppDelegate.swift */; };
		11E239AD2AD1BC0200AAB0CD /* SceneDelegate.swift in Sources */ = {isa = PBXBuildFile; fileRef = 11E239AC2AD1BC0200AAB0CD /* SceneDelegate.swift */; };
		11E239AF2AD1BC0200AAB0CD /* ViewController.swift in Sources */ = {isa = PBXBuildFile; fileRef = 11E239AE2AD1BC0200AAB0CD /* ViewController.swift */; };
		11E239B22AD1BC0200AAB0CD /* Main.storyboard in Resources */ = {isa = PBXBuildFile; fileRef = 11E239B02AD1BC0200AAB0CD /* Main.storyboard */; };
		11E239B42AD1BC0700AAB0CD /* Assets.xcassets in Resources */ = {isa = PBXBuildFile; fileRef = 11E239B32AD1BC0700AAB0CD /* Assets.xcassets */; };
		11E239B72AD1BC0700AAB0CD /* LaunchScreen.storyboard in Resources */ = {isa = PBXBuildFile; fileRef = 11E239B52AD1BC0700AAB0CD /* LaunchScreen.storyboard */; };
		11E239C22AD1BC0800AAB0CD /* FlutterModuleIOSTests.swift in Sources */ = {isa = PBXBuildFile; fileRef = 11E239C12AD1BC0800AAB0CD /* FlutterModuleIOSTests.swift */; };
		11E239CC2AD1BC0800AAB0CD /* FlutterModuleIOSUITests.swift in Sources */ = {isa = PBXBuildFile; fileRef = 11E239CB2AD1BC0800AAB0CD /* FlutterModuleIOSUITests.swift */; };
		11E239CE2AD1BC0800AAB0CD /* FlutterModuleIOSUITestsLaunchTests.swift in Sources */ = {isa = PBXBuildFile; fileRef = 11E239CD2AD1BC0800AAB0CD /* FlutterModuleIOSUITestsLaunchTests.swift */; };
		6C555A721EF5728D8C53ACB0 /* libPods-FlutterModuleIOS.a in Frameworks */ = {isa = PBXBuildFile; fileRef = 1188CFE89DD267720F95F1B7 /* libPods-FlutterModuleIOS.a */; };
/* End PBXBuildFile section */

/* Begin PBXContainerItemProxy section */
		11E239BE2AD1BC0800AAB0CD /* PBXContainerItemProxy */ = {
			isa = PBXContainerItemProxy;
			containerPortal = 11E2399F2AD1BC0200AAB0CD /* Project object */;
			proxyType = 1;
			remoteGlobalIDString = 11E239A62AD1BC0200AAB0CD;
			remoteInfo = FlutterModuleIOS;
		};
		11E239C82AD1BC0800AAB0CD /* PBXContainerItemProxy */ = {
			isa = PBXContainerItemProxy;
			containerPortal = 11E2399F2AD1BC0200AAB0CD /* Project object */;
			proxyType = 1;
			remoteGlobalIDString = 11E239A62AD1BC0200AAB0CD;
			remoteInfo = FlutterModuleIOS;
		};
/* End PBXContainerItemProxy section */

/* Begin PBXFileReference section */
		1188CFE89DD267720F95F1B7 /* libPods-FlutterModuleIOS.a */ = {isa = PBXFileReference; explicitFileType = archive.ar; includeInIndex = 0; path = "libPods-FlutterModuleIOS.a"; sourceTree = BUILT_PRODUCTS_DIR; };
		11E239A72AD1BC0200AAB0CD /* FlutterModuleIOS.app */ = {isa = PBXFileReference; explicitFileType = wrapper.application; includeInIndex = 0; path = FlutterModuleIOS.app; sourceTree = BUILT_PRODUCTS_DIR; };
		11E239AA2AD1BC0200AAB0CD /* AppDelegate.swift */ = {isa = PBXFileReference; lastKnownFileType = sourcecode.swift; path = AppDelegate.swift; sourceTree = "<group>"; };
		11E239AC2AD1BC0200AAB0CD /* SceneDelegate.swift */ = {isa = PBXFileReference; lastKnownFileType = sourcecode.swift; path = SceneDelegate.swift; sourceTree = "<group>"; };
		11E239AE2AD1BC0200AAB0CD /* ViewController.swift */ = {isa = PBXFileReference; lastKnownFileType = sourcecode.swift; path = ViewController.swift; sourceTree = "<group>"; };
		11E239B12AD1BC0200AAB0CD /* Base */ = {isa = PBXFileReference; lastKnownFileType = file.storyboard; name = Base; path = Base.lproj/Main.storyboard; sourceTree = "<group>"; };
		11E239B32AD1BC0700AAB0CD /* Assets.xcassets */ = {isa = PBXFileReference; lastKnownFileType = folder.assetcatalog; path = Assets.xcassets; sourceTree = "<group>"; };
		11E239B62AD1BC0700AAB0CD /* Base */ = {isa = PBXFileReference; lastKnownFileType = file.storyboard; name = Base; path = Base.lproj/LaunchScreen.storyboard; sourceTree = "<group>"; };
		11E239B82AD1BC0700AAB0CD /* Info.plist */ = {isa = PBXFileReference; lastKnownFileType = text.plist.xml; path = Info.plist; sourceTree = "<group>"; };
		11E239BD2AD1BC0800AAB0CD /* FlutterModuleIOSTests.xctest */ = {isa = PBXFileReference; explicitFileType = wrapper.cfbundle; includeInIndex = 0; path = FlutterModuleIOSTests.xctest; sourceTree = BUILT_PRODUCTS_DIR; };
		11E239C12AD1BC0800AAB0CD /* FlutterModuleIOSTests.swift */ = {isa = PBXFileReference; lastKnownFileType = sourcecode.swift; path = FlutterModuleIOSTests.swift; sourceTree = "<group>"; };
		11E239C72AD1BC0800AAB0CD /* FlutterModuleIOSUITests.xctest */ = {isa = PBXFileReference; explicitFileType = wrapper.cfbundle; includeInIndex = 0; path = FlutterModuleIOSUITests.xctest; sourceTree = BUILT_PRODUCTS_DIR; };
		11E239CB2AD1BC0800AAB0CD /* FlutterModuleIOSUITests.swift */ = {isa = PBXFileReference; lastKnownFileType = sourcecode.swift; path = FlutterModuleIOSUITests.swift; sourceTree = "<group>"; };
		11E239CD2AD1BC0800AAB0CD /* FlutterModuleIOSUITestsLaunchTests.swift */ = {isa = PBXFileReference; lastKnownFileType = sourcecode.swift; path = FlutterModuleIOSUITestsLaunchTests.swift; sourceTree = "<group>"; };
		3176DD30E8FAE004BBBDFA2C /* Pods-FlutterModuleIOS.debug.xcconfig */ = {isa = PBXFileReference; includeInIndex = 1; lastKnownFileType = text.xcconfig; name = "Pods-FlutterModuleIOS.debug.xcconfig"; path = "../../Pods/Target Support Files/Pods-FlutterModuleIOS/Pods-FlutterModuleIOS.debug.xcconfig"; sourceTree = "<group>"; };
		673C619D5047BD20B9D1AB09 /* Pods-FlutterModuleIOS.release.xcconfig */ = {isa = PBXFileReference; includeInIndex = 1; lastKnownFileType = text.xcconfig; name = "Pods-FlutterModuleIOS.release.xcconfig"; path = "../../Pods/Target Support Files/Pods-FlutterModuleIOS/Pods-FlutterModuleIOS.release.xcconfig"; sourceTree = "<group>"; };
/* End PBXFileReference section */

/* Begin PBXFrameworksBuildPhase section */
		11E239A42AD1BC0200AAB0CD /* Frameworks */ = {
			isa = PBXFrameworksBuildPhase;
			buildActionMask = 2147483647;
			files = (
				6C555A721EF5728D8C53ACB0 /* libPods-FlutterModuleIOS.a in Frameworks */,
			);
			runOnlyForDeploymentPostprocessing = 0;
		};
		11E239BA2AD1BC0800AAB0CD /* Frameworks */ = {
			isa = PBXFrameworksBuildPhase;
			buildActionMask = 2147483647;
			files = (
			);
			runOnlyForDeploymentPostprocessing = 0;
		};
		11E239C42AD1BC0800AAB0CD /* Frameworks */ = {
			isa = PBXFrameworksBuildPhase;
			buildActionMask = 2147483647;
			files = (
			);
			runOnlyForDeploymentPostprocessing = 0;
		};
/* End PBXFrameworksBuildPhase section */

/* Begin PBXGroup section */
		11E2399E2AD1BC0200AAB0CD = {
			isa = PBXGroup;
			children = (
				11E239A92AD1BC0200AAB0CD /* FlutterModuleIOS */,
				11E239C02AD1BC0800AAB0CD /* FlutterModuleIOSTests */,
				11E239CA2AD1BC0800AAB0CD /* FlutterModuleIOSUITests */,
				11E239A82AD1BC0200AAB0CD /* Products */,
				B0D3ED9EA9D87195AF47C532 /* Pods */,
				E9D2025B7D6313D61B6C0D9D /* Frameworks */,
			);
			sourceTree = "<group>";
		};
		11E239A82AD1BC0200AAB0CD /* Products */ = {
			isa = PBXGroup;
			children = (
				11E239A72AD1BC0200AAB0CD /* FlutterModuleIOS.app */,
				11E239BD2AD1BC0800AAB0CD /* FlutterModuleIOSTests.xctest */,
				11E239C72AD1BC0800AAB0CD /* FlutterModuleIOSUITests.xctest */,
			);
			name = Products;
			sourceTree = "<group>";
		};
		11E239A92AD1BC0200AAB0CD /* FlutterModuleIOS */ = {
			isa = PBXGroup;
			children = (
				11E239AA2AD1BC0200AAB0CD /* AppDelegate.swift */,
				11E239AC2AD1BC0200AAB0CD /* SceneDelegate.swift */,
				11E239AE2AD1BC0200AAB0CD /* ViewController.swift */,
				11E239B02AD1BC0200AAB0CD /* Main.storyboard */,
				11E239B32AD1BC0700AAB0CD /* Assets.xcassets */,
				11E239B52AD1BC0700AAB0CD /* LaunchScreen.storyboard */,
				11E239B82AD1BC0700AAB0CD /* Info.plist */,
			);
			path = FlutterModuleIOS;
			sourceTree = "<group>";
		};
		11E239C02AD1BC0800AAB0CD /* FlutterModuleIOSTests */ = {
			isa = PBXGroup;
			children = (
				11E239C12AD1BC0800AAB0CD /* FlutterModuleIOSTests.swift */,
			);
			path = FlutterModuleIOSTests;
			sourceTree = "<group>";
		};
		11E239CA2AD1BC0800AAB0CD /* FlutterModuleIOSUITests */ = {
			isa = PBXGroup;
			children = (
				11E239CB2AD1BC0800AAB0CD /* FlutterModuleIOSUITests.swift */,
				11E239CD2AD1BC0800AAB0CD /* FlutterModuleIOSUITestsLaunchTests.swift */,
			);
			path = FlutterModuleIOSUITests;
			sourceTree = "<group>";
		};
		B0D3ED9EA9D87195AF47C532 /* Pods */ = {
			isa = PBXGroup;
			children = (
				3176DD30E8FAE004BBBDFA2C /* Pods-FlutterModuleIOS.debug.xcconfig */,
				673C619D5047BD20B9D1AB09 /* Pods-FlutterModuleIOS.release.xcconfig */,
			);
			name = Pods;
			path = FlutterModuleIOS/Pods;
			sourceTree = "<group>";
		};
		E9D2025B7D6313D61B6C0D9D /* Frameworks */ = {
			isa = PBXGroup;
			children = (
				1188CFE89DD267720F95F1B7 /* libPods-FlutterModuleIOS.a */,
			);
			name = Frameworks;
			sourceTree = "<group>";
		};
/* End PBXGroup section */

/* Begin PBXNativeTarget section */
		11E239A62AD1BC0200AAB0CD /* FlutterModuleIOS */ = {
			isa = PBXNativeTarget;
			buildConfigurationList = 11E239D12AD1BC0800AAB0CD /* Build configuration list for PBXNativeTarget "FlutterModuleIOS" */;
			buildPhases = (
				BC7C302E8922C63F18AA96BC /* [CP] Check Pods Manifest.lock */,
				2E46ED71D178EE6DEF091A97 /* [CP-User] Run Flutter Build task_4 Script */,
				11E239A32AD1BC0200AAB0CD /* Sources */,
				11E239A42AD1BC0200AAB0CD /* Frameworks */,
				11E239A52AD1BC0200AAB0CD /* Resources */,
				4A33A2092A70872C0B90F4A1 /* [CP-User] Embed Flutter Build task_4 Script */,
			);
			buildRules = (
			);
			dependencies = (
			);
			name = FlutterModuleIOS;
			productName = FlutterModuleIOS;
			productReference = 11E239A72AD1BC0200AAB0CD /* FlutterModuleIOS.app */;
			productType = "com.apple.product-type.application";
		};
		11E239BC2AD1BC0800AAB0CD /* FlutterModuleIOSTests */ = {
			isa = PBXNativeTarget;
			buildConfigurationList = 11E239D42AD1BC0800AAB0CD /* Build configuration list for PBXNativeTarget "FlutterModuleIOSTests" */;
			buildPhases = (
				11E239B92AD1BC0800AAB0CD /* Sources */,
				11E239BA2AD1BC0800AAB0CD /* Frameworks */,
				11E239BB2AD1BC0800AAB0CD /* Resources */,
			);
			buildRules = (
			);
			dependencies = (
				11E239BF2AD1BC0800AAB0CD /* PBXTargetDependency */,
			);
			name = FlutterModuleIOSTests;
			productName = FlutterModuleIOSTests;
			productReference = 11E239BD2AD1BC0800AAB0CD /* FlutterModuleIOSTests.xctest */;
			productType = "com.apple.product-type.bundle.unit-test";
		};
		11E239C62AD1BC0800AAB0CD /* FlutterModuleIOSUITests */ = {
			isa = PBXNativeTarget;
			buildConfigurationList = 11E239D72AD1BC0800AAB0CD /* Build configuration list for PBXNativeTarget "FlutterModuleIOSUITests" */;
			buildPhases = (
				11E239C32AD1BC0800AAB0CD /* Sources */,
				11E239C42AD1BC0800AAB0CD /* Frameworks */,
				11E239C52AD1BC0800AAB0CD /* Resources */,
			);
			buildRules = (
			);
			dependencies = (
				11E239C92AD1BC0800AAB0CD /* PBXTargetDependency */,
			);
			name = FlutterModuleIOSUITests;
			productName = FlutterModuleIOSUITests;
			productReference = 11E239C72AD1BC0800AAB0CD /* FlutterModuleIOSUITests.xctest */;
			productType = "com.apple.product-type.bundle.ui-testing";
		};
/* End PBXNativeTarget section */

/* Begin PBXProject section */
		11E2399F2AD1BC0200AAB0CD /* Project object */ = {
			isa = PBXProject;
			attributes = {
				BuildIndependentTargetsInParallel = 1;
				LastSwiftUpdateCheck = 1420;
				LastUpgradeCheck = 1420;
				TargetAttributes = {
					11E239A62AD1BC0200AAB0CD = {
						CreatedOnToolsVersion = 14.2;
					};
					11E239BC2AD1BC0800AAB0CD = {
						CreatedOnToolsVersion = 14.2;
						TestTargetID = 11E239A62AD1BC0200AAB0CD;
					};
					11E239C62AD1BC0800AAB0CD = {
						CreatedOnToolsVersion = 14.2;
						TestTargetID = 11E239A62AD1BC0200AAB0CD;
					};
				};
			};
			buildConfigurationList = 11E239A22AD1BC0200AAB0CD /* Build configuration list for PBXProject "FlutterModuleIOS" */;
			compatibilityVersion = "Xcode 14.0";
			developmentRegion = en;
			hasScannedForEncodings = 0;
			knownRegions = (
				en,
				Base,
			);
			mainGroup = 11E2399E2AD1BC0200AAB0CD;
			productRefGroup = 11E239A82AD1BC0200AAB0CD /* Products */;
			projectDirPath = "";
			projectRoot = "";
			targets = (
				11E239A62AD1BC0200AAB0CD /* FlutterModuleIOS */,
				11E239BC2AD1BC0800AAB0CD /* FlutterModuleIOSTests */,
				11E239C62AD1BC0800AAB0CD /* FlutterModuleIOSUITests */,
			);
		};
/* End PBXProject section */

/* Begin PBXResourcesBuildPhase section */
		11E239A52AD1BC0200AAB0CD /* Resources */ = {
			isa = PBXResourcesBuildPhase;
			buildActionMask = 2147483647;
			files = (
				11E239B72AD1BC0700AAB0CD /* LaunchScreen.storyboard in Resources */,
				11E239B42AD1BC0700AAB0CD /* Assets.xcassets in Resources */,
				11E239B22AD1BC0200AAB0CD /* Main.storyboard in Resources */,
			);
			runOnlyForDeploymentPostprocessing = 0;
		};
		11E239BB2AD1BC0800AAB0CD /* Resources */ = {
			isa = PBXResourcesBuildPhase;
			buildActionMask = 2147483647;
			files = (
			);
			runOnlyForDeploymentPostprocessing = 0;
		};
		11E239C52AD1BC0800AAB0CD /* Resources */ = {
			isa = PBXResourcesBuildPhase;
			buildActionMask = 2147483647;
			files = (
			);
			runOnlyForDeploymentPostprocessing = 0;
		};
/* End PBXResourcesBuildPhase section */

/* Begin PBXShellScriptBuildPhase section */
		2E46ED71D178EE6DEF091A97 /* [CP-User] Run Flutter Build task_4 Script */ = {
			isa = PBXShellScriptBuildPhase;
			buildActionMask = 2147483647;
			files = (
			);
			name = "[CP-User] Run Flutter Build task_4 Script";
			runOnlyForDeploymentPostprocessing = 0;
			shellPath = /bin/sh;
			shellScript = "set -e\nset -u\nsource \"${SRCROOT}/../flutter_module/.ios/Flutter/flutter_export_environment.sh\"\nexport VERBOSE_SCRIPT_LOGGING=1 && \"$FLUTTER_ROOT\"/packages/flutter_tools/bin/xcode_backend.sh build";
		};
		4A33A2092A70872C0B90F4A1 /* [CP-User] Embed Flutter Build task_4 Script */ = {
			isa = PBXShellScriptBuildPhase;
			buildActionMask = 2147483647;
			files = (
			);
			name = "[CP-User] Embed Flutter Build task_4 Script";
			runOnlyForDeploymentPostprocessing = 0;
			shellPath = /bin/sh;
			shellScript = "set -e\nset -u\nsource \"${SRCROOT}/../flutter_module/.ios/Flutter/flutter_export_environment.sh\"\nexport VERBOSE_SCRIPT_LOGGING=1 && \"$FLUTTER_ROOT\"/packages/flutter_tools/bin/xcode_backend.sh embed_and_thin";
		};
		BC7C302E8922C63F18AA96BC /* [CP] Check Pods Manifest.lock */ = {
			isa = PBXShellScriptBuildPhase;
			buildActionMask = 2147483647;
			files = (
			);
			inputFileListPaths = (
			);
			inputPaths = (
				"${PODS_PODFILE_DIR_PATH}/Podfile.lock",
				"${PODS_ROOT}/Manifest.lock",
			);
			name = "[CP] Check Pods Manifest.lock";
			outputFileListPaths = (
			);
			outputPaths = (
				"$(DERIVED_FILE_DIR)/Pods-FlutterModuleIOS-checkManifestLockResult.txt",
			);
			runOnlyForDeploymentPostprocessing = 0;
			shellPath = /bin/sh;
			shellScript = "diff \"${PODS_PODFILE_DIR_PATH}/Podfile.lock\" \"${PODS_ROOT}/Manifest.lock\" > /dev/null\nif [ $? != 0 ] ; then\n    # print error to STDERR\n    echo \"error: The sandbox is not in sync with the Podfile.lock. Run 'pod install' or update your CocoaPods installation.\" >&2\n    exit 1\nfi\n# This output is used by Xcode 'outputs' to avoid re-running this script phase.\necho \"SUCCESS\" > \"${SCRIPT_OUTPUT_FILE_0}\"\n";
			showEnvVarsInLog = 0;
		};
/* End PBXShellScriptBuildPhase section */

/* Begin PBXSourcesBuildPhase section */
		11E239A32AD1BC0200AAB0CD /* Sources */ = {
			isa = PBXSourcesBuildPhase;
			buildActionMask = 2147483647;
			files = (
				11E239AF2AD1BC0200AAB0CD /* ViewController.swift in Sources */,
				11E239AB2AD1BC0200AAB0CD /* AppDelegate.swift in Sources */,
				11E239AD2AD1BC0200AAB0CD /* SceneDelegate.swift in Sources */,
			);
			runOnlyForDeploymentPostprocessing = 0;
		};
		11E239B92AD1BC0800AAB0CD /* Sources */ = {
			isa = PBXSourcesBuildPhase;
			buildActionMask = 2147483647;
			files = (
				11E239C22AD1BC0800AAB0CD /* FlutterModuleIOSTests.swift in Sources */,
			);
			runOnlyForDeploymentPostprocessing = 0;
		};
		11E239C32AD1BC0800AAB0CD /* Sources */ = {
			isa = PBXSourcesBuildPhase;
			buildActionMask = 2147483647;
			files = (
				11E239CC2AD1BC0800AAB0CD /* FlutterModuleIOSUITests.swift in Sources */,
				11E239CE2AD1BC0800AAB0CD /* FlutterModuleIOSUITestsLaunchTests.swift in Sources */,
			);
			runOnlyForDeploymentPostprocessing = 0;
		};
/* End PBXSourcesBuildPhase section */

/* Begin PBXTargetDependency section */
		11E239BF2AD1BC0800AAB0CD /* PBXTargetDependency */ = {
			isa = PBXTargetDependency;
			target = 11E239A62AD1BC0200AAB0CD /* FlutterModuleIOS */;
			targetProxy = 11E239BE2AD1BC0800AAB0CD /* PBXContainerItemProxy */;
		};
		11E239C92AD1BC0800AAB0CD /* PBXTargetDependency */ = {
			isa = PBXTargetDependency;
			target = 11E239A62AD1BC0200AAB0CD /* FlutterModuleIOS */;
			targetProxy = 11E239C82AD1BC0800AAB0CD /* PBXContainerItemProxy */;
		};
/* End PBXTargetDependency section */

/* Begin PBXVariantGroup section */
		11E239B02AD1BC0200AAB0CD /* Main.storyboard */ = {
			isa = PBXVariantGroup;
			children = (
				11E239B12AD1BC0200AAB0CD /* Base */,
			);
			name = Main.storyboard;
			sourceTree = "<group>";
		};
		11E239B52AD1BC0700AAB0CD /* LaunchScreen.storyboard */ = {
			isa = PBXVariantGroup;
			children = (
				11E239B62AD1BC0700AAB0CD /* Base */,
			);
			name = LaunchScreen.storyboard;
			sourceTree = "<group>";
		};
/* End PBXVariantGroup section */

/* Begin XCBuildConfiguration section */
		11E239CF2AD1BC0800AAB0CD /* Debug */ = {
			isa = XCBuildConfiguration;
			buildSettings = {
				ALWAYS_SEARCH_USER_PATHS = NO;
				CLANG_ANALYZER_NONNULL = YES;
				CLANG_ANALYZER_NUMBER_OBJECT_CONVERSION = YES_AGGRESSIVE;
				CLANG_CXX_LANGUAGE_STANDARD = "gnu++20";
				CLANG_ENABLE_MODULES = YES;
				CLANG_ENABLE_OBJC_ARC = YES;
				CLANG_ENABLE_OBJC_WEAK = YES;
				CLANG_WARN_BLOCK_CAPTURE_AUTORELEASING = YES;
				CLANG_WARN_BOOL_CONVERSION = YES;
				CLANG_WARN_COMMA = YES;
				CLANG_WARN_CONSTANT_CONVERSION = YES;
				CLANG_WARN_DEPRECATED_OBJC_IMPLEMENTATIONS = YES;
				CLANG_WARN_DIRECT_OBJC_ISA_USAGE = YES_ERROR;
				CLANG_WARN_DOCUMENTATION_COMMENTS = YES;
				CLANG_WARN_EMPTY_BODY = YES;
				CLANG_WARN_ENUM_CONVERSION = YES;
				CLANG_WARN_INFINITE_RECURSION = YES;
				CLANG_WARN_INT_CONVERSION = YES;
				CLANG_WARN_NON_LITERAL_NULL_CONVERSION = YES;
				CLANG_WARN_OBJC_IMPLICIT_RETAIN_SELF = YES;
				CLANG_WARN_OBJC_LITERAL_CONVERSION = YES;
				CLANG_WARN_OBJC_ROOT_CLASS = YES_ERROR;
				CLANG_WARN_QUOTED_INCLUDE_IN_FRAMEWORK_HEADER = YES;
				CLANG_WARN_RANGE_LOOP_ANALYSIS = YES;
				CLANG_WARN_STRICT_PROTOTYPES = YES;
				CLANG_WARN_SUSPICIOUS_MOVE = YES;
				CLANG_WARN_UNGUARDED_AVAILABILITY = YES_AGGRESSIVE;
				CLANG_WARN_UNREACHABLE_CODE = YES;
				CLANG_WARN__DUPLICATE_METHOD_MATCH = YES;
				COPY_PHASE_STRIP = NO;
				DEBUG_INFORMATION_FORMAT = dwarf;
				ENABLE_STRICT_OBJC_MSGSEND = YES;
				ENABLE_TESTABILITY = YES;
				GCC_C_LANGUAGE_STANDARD = gnu11;
				GCC_DYNAMIC_NO_PIC = NO;
				GCC_NO_COMMON_BLOCKS = YES;
				GCC_OPTIMIZATION_LEVEL = 0;
				GCC_PREPROCESSOR_DEFINITIONS = (
					"DEBUG=1",
					"$(inherited)",
				);
				GCC_WARN_64_TO_32_BIT_CONVERSION = YES;
				GCC_WARN_ABOUT_RETURN_TYPE = YES_ERROR;
				GCC_WARN_UNDECLARED_SELECTOR = YES;
				GCC_WARN_UNINITIALIZED_AUTOS = YES_AGGRESSIVE;
				GCC_WARN_UNUSED_FUNCTION = YES;
				GCC_WARN_UNUSED_VARIABLE = YES;
				IPHONEOS_DEPLOYMENT_TARGET = 16.2;
				MTL_ENABLE_DEBUG_INFO = INCLUDE_SOURCE;
				MTL_FAST_MATH = YES;
				ONLY_ACTIVE_ARCH = YES;
				SDKROOT = iphoneos;
				SWIFT_ACTIVE_COMPILATION_CONDITIONS = DEBUG;
				SWIFT_OPTIMIZATION_LEVEL = "-Onone";
			};
			name = Debug;
		};
		11E239D02AD1BC0800AAB0CD /* Release */ = {
			isa = XCBuildConfiguration;
			buildSettings = {
				ALWAYS_SEARCH_USER_PATHS = NO;
				CLANG_ANALYZER_NONNULL = YES;
				CLANG_ANALYZER_NUMBER_OBJECT_CONVERSION = YES_AGGRESSIVE;
				CLANG_CXX_LANGUAGE_STANDARD = "gnu++20";
				CLANG_ENABLE_MODULES = YES;
				CLANG_ENABLE_OBJC_ARC = YES;
				CLANG_ENABLE_OBJC_WEAK = YES;
				CLANG_WARN_BLOCK_CAPTURE_AUTORELEASING = YES;
				CLANG_WARN_BOOL_CONVERSION = YES;
				CLANG_WARN_COMMA = YES;
				CLANG_WARN_CONSTANT_CONVERSION = YES;
				CLANG_WARN_DEPRECATED_OBJC_IMPLEMENTATIONS = YES;
				CLANG_WARN_DIRECT_OBJC_ISA_USAGE = YES_ERROR;
				CLANG_WARN_DOCUMENTATION_COMMENTS = YES;
				CLANG_WARN_EMPTY_BODY = YES;
				CLANG_WARN_ENUM_CONVERSION = YES;
				CLANG_WARN_INFINITE_RECURSION = YES;
				CLANG_WARN_INT_CONVERSION = YES;
				CLANG_WARN_NON_LITERAL_NULL_CONVERSION = YES;
				CLANG_WARN_OBJC_IMPLICIT_RETAIN_SELF = YES;
				CLANG_WARN_OBJC_LITERAL_CONVERSION = YES;
				CLANG_WARN_OBJC_ROOT_CLASS = YES_ERROR;
				CLANG_WARN_QUOTED_INCLUDE_IN_FRAMEWORK_HEADER = YES;
				CLANG_WARN_RANGE_LOOP_ANALYSIS = YES;
				CLANG_WARN_STRICT_PROTOTYPES = YES;
				CLANG_WARN_SUSPICIOUS_MOVE = YES;
				CLANG_WARN_UNGUARDED_AVAILABILITY = YES_AGGRESSIVE;
				CLANG_WARN_UNREACHABLE_CODE = YES;
				CLANG_WARN__DUPLICATE_METHOD_MATCH = YES;
				COPY_PHASE_STRIP = NO;
				DEBUG_INFORMATION_FORMAT = "dwarf-with-dsym";
				ENABLE_NS_ASSERTIONS = NO;
				ENABLE_STRICT_OBJC_MSGSEND = YES;
				GCC_C_LANGUAGE_STANDARD = gnu11;
				GCC_NO_COMMON_BLOCKS = YES;
				GCC_WARN_64_TO_32_BIT_CONVERSION = YES;
				GCC_WARN_ABOUT_RETURN_TYPE = YES_ERROR;
				GCC_WARN_UNDECLARED_SELECTOR = YES;
				GCC_WARN_UNINITIALIZED_AUTOS = YES_AGGRESSIVE;
				GCC_WARN_UNUSED_FUNCTION = YES;
				GCC_WARN_UNUSED_VARIABLE = YES;
				IPHONEOS_DEPLOYMENT_TARGET = 16.2;
				MTL_ENABLE_DEBUG_INFO = NO;
				MTL_FAST_MATH = YES;
				SDKROOT = iphoneos;
				SWIFT_COMPILATION_MODE = wholemodule;
				SWIFT_OPTIMIZATION_LEVEL = "-O";
				VALIDATE_PRODUCT = YES;
			};
			name = Release;
		};
		11E239D22AD1BC0800AAB0CD /* Debug */ = {
			isa = XCBuildConfiguration;
			baseConfigurationReference = 3176DD30E8FAE004BBBDFA2C /* Pods-FlutterModuleIOS.debug.xcconfig */;
			buildSettings = {
				ASSETCATALOG_COMPILER_APPICON_NAME = AppIcon;
				ASSETCATALOG_COMPILER_GLOBAL_ACCENT_COLOR_NAME = AccentColor;
				CODE_SIGN_STYLE = Automatic;
				CURRENT_PROJECT_VERSION = 1;
				GENERATE_INFOPLIST_FILE = YES;
				INFOPLIST_FILE = FlutterModuleIOS/Info.plist;
				INFOPLIST_KEY_UIApplicationSupportsIndirectInputEvents = YES;
				INFOPLIST_KEY_UILaunchStoryboardName = LaunchScreen;
				INFOPLIST_KEY_UIMainStoryboardFile = Main;
				INFOPLIST_KEY_UISupportedInterfaceOrientations_iPad = "UIInterfaceOrientationPortrait UIInterfaceOrientationPortraitUpsideDown UIInterfaceOrientationLandscapeLeft UIInterfaceOrientationLandscapeRight";
				INFOPLIST_KEY_UISupportedInterfaceOrientations_iPhone = "UIInterfaceOrientationPortrait UIInterfaceOrientationLandscapeLeft UIInterfaceOrientationLandscapeRight";
				IPHONEOS_DEPLOYMENT_TARGET = 15.0;
				LD_RUNPATH_SEARCH_PATHS = (
					"$(inherited)",
					"@executable_path/Frameworks",
				);
				MARKETING_VERSION = 1.0;
				PRODUCT_BUNDLE_IDENTIFIER = ra.FlutterModuleIOS;
				PRODUCT_NAME = "$(TARGET_NAME)";
				SWIFT_EMIT_LOC_STRINGS = YES;
				SWIFT_VERSION = 5.0;
				TARGETED_DEVICE_FAMILY = "1,2";
			};
			name = Debug;
		};
		11E239D32AD1BC0800AAB0CD /* Release */ = {
			isa = XCBuildConfiguration;
			baseConfigurationReference = 673C619D5047BD20B9D1AB09 /* Pods-FlutterModuleIOS.release.xcconfig */;
			buildSettings = {
				ASSETCATALOG_COMPILER_APPICON_NAME = AppIcon;
				ASSETCATALOG_COMPILER_GLOBAL_ACCENT_COLOR_NAME = AccentColor;
				CODE_SIGN_STYLE = Automatic;
				CURRENT_PROJECT_VERSION = 1;
				GENERATE_INFOPLIST_FILE = YES;
				INFOPLIST_FILE = FlutterModuleIOS/Info.plist;
				INFOPLIST_KEY_UIApplicationSupportsIndirectInputEvents = YES;
				INFOPLIST_KEY_UILaunchStoryboardName = LaunchScreen;
				INFOPLIST_KEY_UIMainStoryboardFile = Main;
				INFOPLIST_KEY_UISupportedInterfaceOrientations_iPad = "UIInterfaceOrientationPortrait UIInterfaceOrientationPortraitUpsideDown UIInterfaceOrientationLandscapeLeft UIInterfaceOrientationLandscapeRight";
				INFOPLIST_KEY_UISupportedInterfaceOrientations_iPhone = "UIInterfaceOrientationPortrait UIInterfaceOrientationLandscapeLeft UIInterfaceOrientationLandscapeRight";
				IPHONEOS_DEPLOYMENT_TARGET = 15.0;
				LD_RUNPATH_SEARCH_PATHS = (
					"$(inherited)",
					"@executable_path/Frameworks",
				);
				MARKETING_VERSION = 1.0;
				PRODUCT_BUNDLE_IDENTIFIER = ra.FlutterModuleIOS;
				PRODUCT_NAME = "$(TARGET_NAME)";
				SWIFT_EMIT_LOC_STRINGS = YES;
				SWIFT_VERSION = 5.0;
				TARGETED_DEVICE_FAMILY = "1,2";
			};
			name = Release;
		};
		11E239D52AD1BC0800AAB0CD /* Debug */ = {
			isa = XCBuildConfiguration;
			buildSettings = {
				ALWAYS_EMBED_SWIFT_STANDARD_LIBRARIES = YES;
				BUNDLE_LOADER = "$(TEST_HOST)";
				CODE_SIGN_STYLE = Automatic;
				CURRENT_PROJECT_VERSION = 1;
				GENERATE_INFOPLIST_FILE = YES;
				IPHONEOS_DEPLOYMENT_TARGET = 16.2;
				MARKETING_VERSION = 1.0;
				PRODUCT_BUNDLE_IDENTIFIER = ra.FlutterModuleIOSTests;
				PRODUCT_NAME = "$(TARGET_NAME)";
				SWIFT_EMIT_LOC_STRINGS = NO;
				SWIFT_VERSION = 5.0;
				TARGETED_DEVICE_FAMILY = "1,2";
				TEST_HOST = "$(BUILT_PRODUCTS_DIR)/FlutterModuleIOS.app/$(BUNDLE_EXECUTABLE_FOLDER_PATH)/FlutterModuleIOS";
			};
			name = Debug;
		};
		11E239D62AD1BC0800AAB0CD /* Release */ = {
			isa = XCBuildConfiguration;
			buildSettings = {
				ALWAYS_EMBED_SWIFT_STANDARD_LIBRARIES = YES;
				BUNDLE_LOADER = "$(TEST_HOST)";
				CODE_SIGN_STYLE = Automatic;
				CURRENT_PROJECT_VERSION = 1;
				GENERATE_INFOPLIST_FILE = YES;
				IPHONEOS_DEPLOYMENT_TARGET = 16.2;
				MARKETING_VERSION = 1.0;
				PRODUCT_BUNDLE_IDENTIFIER = ra.FlutterModuleIOSTests;
				PRODUCT_NAME = "$(TARGET_NAME)";
				SWIFT_EMIT_LOC_STRINGS = NO;
				SWIFT_VERSION = 5.0;
				TARGETED_DEVICE_FAMILY = "1,2";
				TEST_HOST = "$(BUILT_PRODUCTS_DIR)/FlutterModuleIOS.app/$(BUNDLE_EXECUTABLE_FOLDER_PATH)/FlutterModuleIOS";
			};
			name = Release;
		};
		11E239D82AD1BC0800AAB0CD /* Debug */ = {
			isa = XCBuildConfiguration;
			buildSettings = {
				ALWAYS_EMBED_SWIFT_STANDARD_LIBRARIES = YES;
				CODE_SIGN_STYLE = Automatic;
				CURRENT_PROJECT_VERSION = 1;
				GENERATE_INFOPLIST_FILE = YES;
				MARKETING_VERSION = 1.0;
				PRODUCT_BUNDLE_IDENTIFIER = ra.FlutterModuleIOSUITests;
				PRODUCT_NAME = "$(TARGET_NAME)";
				SWIFT_EMIT_LOC_STRINGS = NO;
				SWIFT_VERSION = 5.0;
				TARGETED_DEVICE_FAMILY = "1,2";
				TEST_TARGET_NAME = FlutterModuleIOS;
			};
			name = Debug;
		};
		11E239D92AD1BC0800AAB0CD /* Release */ = {
			isa = XCBuildConfiguration;
			buildSettings = {
				ALWAYS_EMBED_SWIFT_STANDARD_LIBRARIES = YES;
				CODE_SIGN_STYLE = Automatic;
				CURRENT_PROJECT_VERSION = 1;
				GENERATE_INFOPLIST_FILE = YES;
				MARKETING_VERSION = 1.0;
				PRODUCT_BUNDLE_IDENTIFIER = ra.FlutterModuleIOSUITests;
				PRODUCT_NAME = "$(TARGET_NAME)";
				SWIFT_EMIT_LOC_STRINGS = NO;
				SWIFT_VERSION = 5.0;
				TARGETED_DEVICE_FAMILY = "1,2";
				TEST_TARGET_NAME = FlutterModuleIOS;
			};
			name = Release;
		};
/* End XCBuildConfiguration section */

/* Begin XCConfigurationList section */
		11E239A22AD1BC0200AAB0CD /* Build configuration list for PBXProject "FlutterModuleIOS" */ = {
			isa = XCConfigurationList;
			buildConfigurations = (
				11E239CF2AD1BC0800AAB0CD /* Debug */,
				11E239D02AD1BC0800AAB0CD /* Release */,
			);
			defaultConfigurationIsVisible = 0;
			defaultConfigurationName = Release;
		};
		11E239D12AD1BC0800AAB0CD /* Build configuration list for PBXNativeTarget "FlutterModuleIOS" */ = {
			isa = XCConfigurationList;
			buildConfigurations = (
				11E239D22AD1BC0800AAB0CD /* Debug */,
				11E239D32AD1BC0800AAB0CD /* Release */,
			);
			defaultConfigurationIsVisible = 0;
			defaultConfigurationName = Release;
		};
		11E239D42AD1BC0800AAB0CD /* Build configuration list for PBXNativeTarget "FlutterModuleIOSTests" */ = {
			isa = XCConfigurationList;
			buildConfigurations = (
				11E239D52AD1BC0800AAB0CD /* Debug */,
				11E239D62AD1BC0800AAB0CD /* Release */,
			);
			defaultConfigurationIsVisible = 0;
			defaultConfigurationName = Release;
		};
		11E239D72AD1BC0800AAB0CD /* Build configuration list for PBXNativeTarget "FlutterModuleIOSUITests" */ = {
			isa = XCConfigurationList;
			buildConfigurations = (
				11E239D82AD1BC0800AAB0CD /* Debug */,
				11E239D92AD1BC0800AAB0CD /* Release */,
			);
			defaultConfigurationIsVisible = 0;
			defaultConfigurationName = Release;
		};
/* End XCConfigurationList section */
	};
	rootObject = 11E2399F2AD1BC0200AAB0CD /* Project object */;
}
